
Microsoft Visual Studio Solution File, Format Version 12.00
# Visual Studio 15
VisualStudioVersion = 15.0.28010.2050
MinimumVisualStudioVersion = 10.0.40219.1
Project("{FAE04EC0-301F-11D3-BF4B-00C04F79EFBC}") = "OOP2UMLWarmUp", "OOP2UMLWarmUp\OOP2UMLWarmUp.csproj", "{5781430E-C983-4F2F-B018-F0F40C9632AB}"
EndProject
Project("{FAE04EC0-301F-11D3-BF4B-00C04F79EFBC}") = "AerialVehiclesTester", "AerialVehiclesTester\AerialVehiclesTester.csproj", "{6D190497-5C55-4387-8351-B3AEE84E6221}"
EndProject
Global
	GlobalSection(SolutionConfigurationPlatforms) = preSolution
		Debug|Any CPU = Debug|Any CPU
		Release|Any CPU = Release|Any CPU
	EndGlobalSection
	GlobalSection(ProjectConfigurationPlatforms) = postSolution
		{5781430E-C983-4F2F-B018-F0F40C9632AB}.Debug|Any CPU.ActiveCfg = Debug|Any CPU
		{5781430E-C983-4F2F-B018-F0F40C9632AB}.Debug|Any CPU.Build.0 = Debug|Any CPU
		{5781430E-C983-4F2F-B018-F0F40C9632AB}.Release|Any CPU.ActiveCfg = Release|Any CPU
		{5781430E-C983-4F2F-B018-F0F40C9632AB}.Release|Any CPU.Build.0 = Release|Any CPU
		{6D190497-5C55-4387-8351-B3AEE84E6221}.Debug|Any CPU.ActiveCfg = Debug|Any CPU
		{6D190497-5C55-4387-8351-B3AEE84E6221}.Debug|Any CPU.Build.0 = Debug|Any CPU
		{6D190497-5C55-4387-8351-B3AEE84E6221}.Release|Any CPU.ActiveCfg = Release|Any CPU
		{6D190497-5C55-4387-8351-B3AEE84E6221}.Release|Any CPU.Build.0 = Release|Any CPU
	EndGlobalSection
	GlobalSection(SolutionProperties) = preSolution
		HideSolutionNode = FALSE
	EndGlobalSection
	GlobalSection(ExtensibilityGlobals) = postSolution
		SolutionGuid = {493B2176-FC3E-4FC5-9A4A-0E38170499FA}
	EndGlobalSection
EndGlobal
